// !$*UTF8*$!
{
	archiveVersion = 1;
	classes = {
	};
	objectVersion = 51;
	objects = {

/* Begin PBXBuildFile section */
		E951CECB4ADAB7A47513063B /* libPods-GPUImage_demo02.a in Frameworks */ = {isa = PBXBuildFile; fileRef = 34A0F7C780EBDF0E8F9A9E7C /* libPods-GPUImage_demo02.a */; };
		F251609124F6113B00B27781 /* AppDelegate.m in Sources */ = {isa = PBXBuildFile; fileRef = F251609024F6113B00B27781 /* AppDelegate.m */; };
		F251609424F6113B00B27781 /* SceneDelegate.m in Sources */ = {isa = PBXBuildFile; fileRef = F251609324F6113B00B27781 /* SceneDelegate.m */; };
		F251609724F6113B00B27781 /* ViewController.m in Sources */ = {isa = PBXBuildFile; fileRef = F251609624F6113B00B27781 /* ViewController.m */; };
		F251609A24F6113B00B27781 /* Main.storyboard in Resources */ = {isa = PBXBuildFile; fileRef = F251609824F6113B00B27781 /* Main.storyboard */; };
		F251609C24F6113C00B27781 /* Assets.xcassets in Resources */ = {isa = PBXBuildFile; fileRef = F251609B24F6113C00B27781 /* Assets.xcassets */; };
		F251609F24F6113C00B27781 /* LaunchScreen.storyboard in Resources */ = {isa = PBXBuildFile; fileRef = F251609D24F6113C00B27781 /* LaunchScreen.storyboard */; };
		F25160A224F6113C00B27781 /* main.m in Sources */ = {isa = PBXBuildFile; fileRef = F25160A124F6113C00B27781 /* main.m */; };
		F25160A924F6134400B27781 /* kunkun1.jpeg in Resources */ = {isa = PBXBuildFile; fileRef = F25160A824F6134400B27781 /* kunkun1.jpeg */; };
/* End PBXBuildFile section */

/* Begin PBXFileReference section */
		34A0F7C780EBDF0E8F9A9E7C /* libPods-GPUImage_demo02.a */ = {isa = PBXFileReference; explicitFileType = archive.ar; includeInIndex = 0; path = "libPods-GPUImage_demo02.a"; sourceTree = BUILT_PRODUCTS_DIR; };
		A9A3382C044958B88691B9A5 /* Pods-GPUImage_demo02.debug.xcconfig */ = {isa = PBXFileReference; includeInIndex = 1; lastKnownFileType = text.xcconfig; name = "Pods-GPUImage_demo02.debug.xcconfig"; path = "Target Support Files/Pods-GPUImage_demo02/Pods-GPUImage_demo02.debug.xcconfig"; sourceTree = "<group>"; };
		CC53D15C6761CB35439FA266 /* Pods-GPUImage_demo02.release.xcconfig */ = {isa = PBXFileReference; includeInIndex = 1; lastKnownFileType = text.xcconfig; name = "Pods-GPUImage_demo02.release.xcconfig"; path = "Target Support Files/Pods-GPUImage_demo02/Pods-GPUImage_demo02.release.xcconfig"; sourceTree = "<group>"; };
		F251608C24F6113B00B27781 /* GPUImage_demo02.app */ = {isa = PBXFileReference; explicitFileType = wrapper.application; includeInIndex = 0; path = GPUImage_demo02.app; sourceTree = BUILT_PRODUCTS_DIR; };
		F251608F24F6113B00B27781 /* AppDelegate.h */ = {isa = PBXFileReference; lastKnownFileType = sourcecode.c.h; path = AppDelegate.h; sourceTree = "<group>"; };
		F251609024F6113B00B27781 /* AppDelegate.m */ = {isa = PBXFileReference; lastKnownFileType = sourcecode.c.objc; path = AppDelegate.m; sourceTree = "<group>"; };
		F251609224F6113B00B27781 /* SceneDelegate.h */ = {isa = PBXFileReference; lastKnownFileType = sourcecode.c.h; path = SceneDelegate.h; sourceTree = "<group>"; };
		F251609324F6113B00B27781 /* SceneDelegate.m */ = {isa = PBXFileReference; lastKnownFileType = sourcecode.c.objc; path = SceneDelegate.m; sourceTree = "<group>"; };
		F251609524F6113B00B27781 /* ViewController.h */ = {isa = PBXFileReference; lastKnownFileType = sourcecode.c.h; path = ViewController.h; sourceTree = "<group>"; };
		F251609624F6113B00B27781 /* ViewController.m */ = {isa = PBXFileReference; lastKnownFileType = sourcecode.c.objc; path = ViewController.m; sourceTree = "<group>"; };
		F251609924F6113B00B27781 /* Base */ = {isa = PBXFileReference; lastKnownFileType = file.storyboard; name = Base; path = Base.lproj/Main.storyboard; sourceTree = "<group>"; };
		F251609B24F6113C00B27781 /* Assets.xcassets */ = {isa = PBXFileReference; lastKnownFileType = folder.assetcatalog; path = Assets.xcassets; sourceTree = "<group>"; };
		F251609E24F6113C00B27781 /* Base */ = {isa = PBXFileReference; lastKnownFileType = file.storyboard; name = Base; path = Base.lproj/LaunchScreen.storyboard; sourceTree = "<group>"; };
		F25160A024F6113C00B27781 /* Info.plist */ = {isa = PBXFileReference; lastKnownFileType = text.plist.xml; path = Info.plist; sourceTree = "<group>"; };
		F25160A124F6113C00B27781 /* main.m */ = {isa = PBXFileReference; lastKnownFileType = sourcecode.c.objc; path = main.m; sourceTree = "<group>"; };
		F25160A824F6134400B27781 /* kunkun1.jpeg */ = {isa = PBXFileReference; lastKnownFileType = image.jpeg; path = kunkun1.jpeg; sourceTree = "<group>"; };
/* End PBXFileReference section */

/* Begin PBXFrameworksBuildPhase section */
		F251608924F6113B00B27781 /* Frameworks */ = {
			isa = PBXFrameworksBuildPhase;
			buildActionMask = 2147483647;
			files = (
				E951CECB4ADAB7A47513063B /* libPods-GPUImage_demo02.a in Frameworks */,
			);
			runOnlyForDeploymentPostprocessing = 0;
		};
/* End PBXFrameworksBuildPhase section */

/* Begin PBXGroup section */
		16A272AF56E18510E1D29479 /* Frameworks */ = {
			isa = PBXGroup;
			children = (
				34A0F7C780EBDF0E8F9A9E7C /* libPods-GPUImage_demo02.a */,
			);
			name = Frameworks;
			sourceTree = "<group>";
		};
		E9FE6138D4498EDD219A5A05 /* Pods */ = {
			isa = PBXGroup;
			children = (
				A9A3382C044958B88691B9A5 /* Pods-GPUImage_demo02.debug.xcconfig */,
				CC53D15C6761CB35439FA266 /* Pods-GPUImage_demo02.release.xcconfig */,
			);
			path = Pods;
			sourceTree = "<group>";
		};
		F251608324F6113B00B27781 = {
			isa = PBXGroup;
			children = (
				F251608E24F6113B00B27781 /* GPUImage_demo02 */,
				F251608D24F6113B00B27781 /* Products */,
				E9FE6138D4498EDD219A5A05 /* Pods */,
				16A272AF56E18510E1D29479 /* Frameworks */,
			);
			sourceTree = "<group>";
		};
		F251608D24F6113B00B27781 /* Products */ = {
			isa = PBXGroup;
			children = (
				F251608C24F6113B00B27781 /* GPUImage_demo02.app */,
			);
			name = Products;
			sourceTree = "<group>";
		};
		F251608E24F6113B00B27781 /* GPUImage_demo02 */ = {
			isa = PBXGroup;
			children = (
				F251608F24F6113B00B27781 /* AppDelegate.h */,
				F251609024F6113B00B27781 /* AppDelegate.m */,
				F251609224F6113B00B27781 /* SceneDelegate.h */,
				F251609324F6113B00B27781 /* SceneDelegate.m */,
				F251609524F6113B00B27781 /* ViewController.h */,
				F251609624F6113B00B27781 /* ViewController.m */,
				F25160A824F6134400B27781 /* kunkun1.jpeg */,
				F251609824F6113B00B27781 /* Main.storyboard */,
				F251609B24F6113C00B27781 /* Assets.xcassets */,
				F251609D24F6113C00B27781 /* LaunchScreen.storyboard */,
				F25160A024F6113C00B27781 /* Info.plist */,
				F25160A124F6113C00B27781 /* main.m */,
			);
			path = GPUImage_demo02;
			sourceTree = "<group>";
		};
/* End PBXGroup section */

/* Begin PBXNativeTarget section */
		F251608B24F6113B00B27781 /* GPUImage_demo02 */ = {
			isa = PBXNativeTarget;
			buildConfigurationList = F25160A524F6113C00B27781 /* Build configuration list for PBXNativeTarget "GPUImage_demo02" */;
			buildPhases = (
				1E27B81F0332BA7EC3ABC193 /* [CP] Check Pods Manifest.lock */,
				F251608824F6113B00B27781 /* Sources */,
				F251608924F6113B00B27781 /* Frameworks */,
				F251608A24F6113B00B27781 /* Resources */,
				A3DA22EDFA5B12310BFF46E8 /* [CP] Copy Pods Resources */,
			);
			buildRules = (
			);
			dependencies = (
			);
			name = GPUImage_demo02;
			productName = GPUImage_demo02;
			productReference = F251608C24F6113B00B27781 /* GPUImage_demo02.app */;
			productType = "com.apple.product-type.application";
		};
/* End PBXNativeTarget section */

/* Begin PBXProject section */
		F251608424F6113B00B27781 /* Project object */ = {
			isa = PBXProject;
			attributes = {
				LastUpgradeCheck = 1160;
				ORGANIZATIONNAME = yuanfangzhuye;
				TargetAttributes = {
					F251608B24F6113B00B27781 = {
						CreatedOnToolsVersion = 11.6;
					};
				};
			};
			buildConfigurationList = F251608724F6113B00B27781 /* Build configuration list for PBXProject "GPUImage_demo02" */;
			compatibilityVersion = "Xcode 9.3";
			developmentRegion = en;
			hasScannedForEncodings = 0;
			knownRegions = (
				en,
				Base,
			);
			mainGroup = F251608324F6113B00B27781;
			productRefGroup = F251608D24F6113B00B27781 /* Products */;
			projectDirPath = "";
			projectRoot = "";
			targets = (
				F251608B24F6113B00B27781 /* GPUImage_demo02 */,
			);
		};
/* End PBXProject section */

/* Begin PBXResourcesBuildPhase section */
		F251608A24F6113B00B27781 /* Resources */ = {
			isa = PBXResourcesBuildPhase;
			buildActionMask = 2147483647;
			files = (
				F251609F24F6113C00B27781 /* LaunchScreen.storyboard in Resources */,
				F25160A924F6134400B27781 /* kunkun1.jpeg in Resources */,
				F251609C24F6113C00B27781 /* Assets.xcassets in Resources */,
				F251609A24F6113B00B27781 /* Main.storyboard in Resources */,
			);
			runOnlyForDeploymentPostprocessing = 0;
		};
/* End PBXResourcesBuildPhase section */

/* Begin PBXShellScriptBuildPhase section */
		1E27B81F0332BA7EC3ABC193 /* [CP] Check Pods Manifest.lock */ = {
			isa = PBXShellScriptBuildPhase;
			buildActionMask = 2147483647;
			files = (
			);
			inputFileListPaths = (
			);
			inputPaths = (
				"${PODS_PODFILE_DIR_PATH}/Podfile.lock",
				"${PODS_ROOT}/Manifest.lock",
			);
			name = "[CP] Check Pods Manifest.lock";
			outputFileListPaths = (
			);
			outputPaths = (
				"$(DERIVED_FILE_DIR)/Pods-GPUImage_demo02-checkManifestLockResult.txt",
			);
			runOnlyForDeploymentPostprocessing = 0;
			shellPath = /bin/sh;
			shellScript = "diff \"${PODS_PODFILE_DIR_PATH}/Podfile.lock\" \"${PODS_ROOT}/Manifest.lock\" > /dev/null\nif [ $? != 0 ] ; then\n    # print error to STDERR\n    echo \"error: The sandbox is not in sync with the Podfile.lock. Run 'pod install' or update your CocoaPods installation.\" >&2\n    exit 1\nfi\n# This output is used by Xcode 'outputs' to avoid re-running this script phase.\necho \"SUCCESS\" > \"${SCRIPT_OUTPUT_FILE_0}\"\n";
			showEnvVarsInLog = 0;
		};
		A3DA22EDFA5B12310BFF46E8 /* [CP] Copy Pods Resources */ = {
			isa = PBXShellScriptBuildPhase;
			buildActionMask = 2147483647;
			files = (
			);
			inputFileListPaths = (
				"${PODS_ROOT}/Target Support Files/Pods-GPUImage_demo02/Pods-GPUImage_demo02-resources-${CONFIGURATION}-input-files.xcfilelist",
			);
			name = "[CP] Copy Pods Resources";
			outputFileListPaths = (
				"${PODS_ROOT}/Target Support Files/Pods-GPUImage_demo02/Pods-GPUImage_demo02-resources-${CONFIGURATION}-output-files.xcfilelist",
			);
			runOnlyForDeploymentPostprocessing = 0;
			shellPath = /bin/sh;
			shellScript = "\"${PODS_ROOT}/Target Support Files/Pods-GPUImage_demo02/Pods-GPUImage_demo02-resources.sh\"\n";
			showEnvVarsInLog = 0;
		};
/* End PBXShellScriptBuildPhase section */

/* Begin PBXSourcesBuildPhase section */
		F251608824F6113B00B27781 /* Sources */ = {
			isa = PBXSourcesBuildPhase;
			buildActionMask = 2147483647;
			files = (
				F251609724F6113B00B27781 /* ViewController.m in Sources */,
				F251609124F6113B00B27781 /* AppDelegate.m in Sources */,
				F25160A224F6113C00B27781 /* main.m in Sources */,
				F251609424F6113B00B27781 /* SceneDelegate.m in Sources */,
			);
			runOnlyForDeploymentPostprocessing = 0;
		};
/* End PBXSourcesBuildPhase section */

/* Begin PBXVariantGroup section */
		F251609824F6113B00B27781 /* Main.storyboard */ = {
			isa = PBXVariantGroup;
			children = (
				F251609924F6113B00B27781 /* Base */,
			);
			name = Main.storyboard;
			sourceTree = "<group>";
		};
		F251609D24F6113C00B27781 /* LaunchScreen.storyboard */ = {
			isa = PBXVariantGroup;
			children = (
				F251609E24F6113C00B27781 /* Base */,
			);
			name = LaunchScreen.storyboard;
			sourceTree = "<group>";
		};
/* End PBXVariantGroup section */

/* Begin XCBuildConfiguration section */
		F25160A324F6113C00B27781 /* Debug */ = {
			isa = XCBuildConfiguration;
			buildSettings = {
				ALWAYS_SEARCH_USER_PATHS = NO;
				CLANG_ANALYZER_NONNULL = YES;
				CLANG_ANALYZER_NUMBER_OBJECT_CONVERSION = YES_AGGRESSIVE;
				CLANG_CXX_LANGUAGE_STANDARD = "gnu++14";
				CLANG_CXX_LIBRARY = "libc++";
				CLANG_ENABLE_MODULES = YES;
				CLANG_ENABLE_OBJC_ARC = YES;
				CLANG_ENABLE_OBJC_WEAK = YES;
				CLANG_WARN_BLOCK_CAPTURE_AUTORELEASING = YES;
				CLANG_WARN_BOOL_CONVERSION = YES;
				CLANG_WARN_COMMA = YES;
				CLANG_WARN_CONSTANT_CONVERSION = YES;
				CLANG_WARN_DEPRECATED_OBJC_IMPLEMENTATIONS = YES;
				CLANG_WARN_DIRECT_OBJC_ISA_USAGE = YES_ERROR;
				CLANG_WARN_DOCUMENTATION_COMMENTS = YES;
				CLANG_WARN_EMPTY_BODY = YES;
				CLANG_WARN_ENUM_CONVERSION = YES;
				CLANG_WARN_INFINITE_RECURSION = YES;
				CLANG_WARN_INT_CONVERSION = YES;
				CLANG_WARN_NON_LITERAL_NULL_CONVERSION = YES;
				CLANG_WARN_OBJC_IMPLICIT_RETAIN_SELF = YES;
				CLANG_WARN_OBJC_LITERAL_CONVERSION = YES;
				CLANG_WARN_OBJC_ROOT_CLASS = YES_ERROR;
				CLANG_WARN_RANGE_LOOP_ANALYSIS = YES;
				CLANG_WARN_STRICT_PROTOTYPES = YES;
				CLANG_WARN_SUSPICIOUS_MOVE = YES;
				CLANG_WARN_UNGUARDED_AVAILABILITY = YES_AGGRESSIVE;
				CLANG_WARN_UNREACHABLE_CODE = YES;
				CLANG_WARN__DUPLICATE_METHOD_MATCH = YES;
				COPY_PHASE_STRIP = NO;
				DEBUG_INFORMATION_FORMAT = dwarf;
				ENABLE_STRICT_OBJC_MSGSEND = YES;
				ENABLE_TESTABILITY = YES;
				GCC_C_LANGUAGE_STANDARD = gnu11;
				GCC_DYNAMIC_NO_PIC = NO;
				GCC_NO_COMMON_BLOCKS = YES;
				GCC_OPTIMIZATION_LEVEL = 0;
				GCC_PREPROCESSOR_DEFINITIONS = (
					"DEBUG=1",
					"$(inherited)",
				);
				GCC_WARN_64_TO_32_BIT_CONVERSION = YES;
				GCC_WARN_ABOUT_RETURN_TYPE = YES_ERROR;
				GCC_WARN_UNDECLARED_SELECTOR = YES;
				GCC_WARN_UNINITIALIZED_AUTOS = YES_AGGRESSIVE;
				GCC_WARN_UNUSED_FUNCTION = YES;
				GCC_WARN_UNUSED_VARIABLE = YES;
				IPHONEOS_DEPLOYMENT_TARGET = 13.6;
				MTL_ENABLE_DEBUG_INFO = INCLUDE_SOURCE;
				MTL_FAST_MATH = YES;
				ONLY_ACTIVE_ARCH = YES;
				SDKROOT = iphoneos;
			};
			name = Debug;
		};
		F25160A424F6113C00B27781 /* Release */ = {
			isa = XCBuildConfiguration;
			buildSettings = {
				ALWAYS_SEARCH_USER_PATHS = NO;
				CLANG_ANALYZER_NONNULL = YES;
				CLANG_ANALYZER_NUMBER_OBJECT_CONVERSION = YES_AGGRESSIVE;
				CLANG_CXX_LANGUAGE_STANDARD = "gnu++14";
				CLANG_CXX_LIBRARY = "libc++";
				CLANG_ENABLE_MODULES = YES;
				CLANG_ENABLE_OBJC_ARC = YES;
				CLANG_ENABLE_OBJC_WEAK = YES;
				CLANG_WARN_BLOCK_CAPTURE_AUTORELEASING = YES;
				CLANG_WARN_BOOL_CONVERSION = YES;
				CLANG_WARN_COMMA = YES;
				CLANG_WARN_CONSTANT_CONVERSION = YES;
				CLANG_WARN_DEPRECATED_OBJC_IMPLEMENTATIONS = YES;
				CLANG_WARN_DIRECT_OBJC_ISA_USAGE = YES_ERROR;
				CLANG_WARN_DOCUMENTATION_COMMENTS = YES;
				CLANG_WARN_EMPTY_BODY = YES;
				CLANG_WARN_ENUM_CONVERSION = YES;
				CLANG_WARN_INFINITE_RECURSION = YES;
				CLANG_WARN_INT_CONVERSION = YES;
				CLANG_WARN_NON_LITERAL_NULL_CONVERSION = YES;
				CLANG_WARN_OBJC_IMPLICIT_RETAIN_SELF = YES;
				CLANG_WARN_OBJC_LITERAL_CONVERSION = YES;
				CLANG_WARN_OBJC_ROOT_CLASS = YES_ERROR;
				CLANG_WARN_RANGE_LOOP_ANALYSIS = YES;
				CLANG_WARN_STRICT_PROTOTYPES = YES;
				CLANG_WARN_SUSPICIOUS_MOVE = YES;
				CLANG_WARN_UNGUARDED_AVAILABILITY = YES_AGGRESSIVE;
				CLANG_WARN_UNREACHABLE_CODE = YES;
				CLANG_WARN__DUPLICATE_METHOD_MATCH = YES;
				COPY_PHASE_STRIP = NO;
				DEBUG_INFORMATION_FORMAT = "dwarf-with-dsym";
				ENABLE_NS_ASSERTIONS = NO;
				ENABLE_STRICT_OBJC_MSGSEND = YES;
				GCC_C_LANGUAGE_STANDARD = gnu11;
				GCC_NO_COMMON_BLOCKS = YES;
				GCC_WARN_64_TO_32_BIT_CONVERSION = YES;
				GCC_WARN_ABOUT_RETURN_TYPE = YES_ERROR;
				GCC_WARN_UNDECLARED_SELECTOR = YES;
				GCC_WARN_UNINITIALIZED_AUTOS = YES_AGGRESSIVE;
				GCC_WARN_UNUSED_FUNCTION = YES;
				GCC_WARN_UNUSED_VARIABLE = YES;
				IPHONEOS_DEPLOYMENT_TARGET = 13.6;
				MTL_ENABLE_DEBUG_INFO = NO;
				MTL_FAST_MATH = YES;
				SDKROOT = iphoneos;
				VALIDATE_PRODUCT = YES;
			};
			name = Release;
		};
		F25160A624F6113C00B27781 /* Debug */ = {
			isa = XCBuildConfiguration;
			baseConfigurationReference = A9A3382C044958B88691B9A5 /* Pods-GPUImage_demo02.debug.xcconfig */;
			buildSettings = {
				ASSETCATALOG_COMPILER_APPICON_NAME = AppIcon;
				CODE_SIGN_STYLE = Automatic;
				INFOPLIST_FILE = GPUImage_demo02/Info.plist;
				LD_RUNPATH_SEARCH_PATHS = (
					"$(inherited)",
					"@executable_path/Frameworks",
				);
				PRODUCT_BUNDLE_IDENTIFIER = "cn.com.yuanfangzhuye.GPUImage-demo02";
				PRODUCT_NAME = "$(TARGET_NAME)";
				TARGETED_DEVICE_FAMILY = "1,2";
			};
			name = Debug;
		};
		F25160A724F6113C00B27781 /* Release */ = {
			isa = XCBuildConfiguration;
			baseConfigurationReference = CC53D15C6761CB35439FA266 /* Pods-GPUImage_demo02.release.xcconfig */;
			buildSettings = {
				ASSETCATALOG_COMPILER_APPICON_NAME = AppIcon;
				CODE_SIGN_STYLE = Automatic;
				INFOPLIST_FILE = GPUImage_demo02/Info.plist;
				LD_RUNPATH_SEARCH_PATHS = (
					"$(inherited)",
					"@executable_path/Frameworks",
				);
				PRODUCT_BUNDLE_IDENTIFIER = "cn.com.yuanfangzhuye.GPUImage-demo02";
				PRODUCT_NAME = "$(TARGET_NAME)";
				TARGETED_DEVICE_FAMILY = "1,2";
			};
			name = Release;
		};
/* End XCBuildConfiguration section */

/* Begin XCConfigurationList section */
		F251608724F6113B00B27781 /* Build configuration list for PBXProject "GPUImage_demo02" */ = {
			isa = XCConfigurationList;
			buildConfigurations = (
				F25160A324F6113C00B27781 /* Debug */,
				F25160A424F6113C00B27781 /* Release */,
			);
			defaultConfigurationIsVisible = 0;
			defaultConfigurationName = Release;
		};
		F25160A524F6113C00B27781 /* Build configuration list for PBXNativeTarget "GPUImage_demo02" */ = {
			isa = XCConfigurationList;
			buildConfigurations = (
				F25160A624F6113C00B27781 /* Debug */,
				F25160A724F6113C00B27781 /* Release */,
			);
			defaultConfigurationIsVisible = 0;
			defaultConfigurationName = Release;
		};
/* End XCConfigurationList section */
	};
	rootObject = F251608424F6113B00B27781 /* Project object */;
}
